
Microsoft Visual Studio Solution File, Format Version 12.00
# Visual Studio Version 16
VisualStudioVersion = 16.0.33423.256
MinimumVisualStudioVersion = 10.0.40219.1
Project("{8BC9CEB8-8B4A-11D0-8D11-00A0C91BC942}") = "LearningSum", "LearningSum.vcxproj", "{BC17D100-BF4B-4568-8F9A-18138EED9A94}"
EndProject
Project("{8BC9CEB8-8B4A-11D0-8D11-00A0C91BC942}") = "DataStructures_SingleListTable", "DataStructures_SingleListTable\DataStructures_SingleListTable.vcxproj", "{57C64CCC-94C5-4AFE-877D-596977A22E74}"
EndProject
Project("{8BC9CEB8-8B4A-11D0-8D11-00A0C91BC942}") = "DataStructures_DoubleListTable", "DataStructures_DoubleListTable\DataStructures_DoubleListTable.vcxproj", "{2CD93D96-FEE5-4E1B-9304-8CED7C2A4D45}"
EndProject
Project("{8BC9CEB8-8B4A-11D0-8D11-00A0C91BC942}") = "DataStructures_IteratorList", "DataStructures_IteratorList\DataStructures_IteratorList.vcxproj", "{66E6DC89-84DA-4A73-A686-EAEB60167FB8}"
EndProject
Project("{8BC9CEB8-8B4A-11D0-8D11-00A0C91BC942}") = "Singleton", "DesignMode\Singleton\Singleton.vcxproj", "{32AC0BAC-76CF-4E24-9D4F-9D9C3F77A8A9}"
EndProject
Project("{8BC9CEB8-8B4A-11D0-8D11-00A0C91BC942}") = "OperatorOverload", "OperatorOverload\OperatorOverload.vcxproj", "{A2C1356A-D5A8-4CEB-B63F-251C20161FF3}"
EndProject
Project("{8BC9CEB8-8B4A-11D0-8D11-00A0C91BC942}") = "FactoryMode", "DesignMode\FactoryMode\FactoryMode.vcxproj", "{54BE5CD4-0882-4A96-BEAE-58697E32041E}"
EndProject
Project("{8BC9CEB8-8B4A-11D0-8D11-00A0C91BC942}") = "Data_Sequencetable", "Data_Sequencetable\Data_Sequencetable.vcxproj", "{7E4E2CC1-FE31-4C2A-9FCF-4FE5E725A082}"
EndProject
Global
	GlobalSection(SolutionConfigurationPlatforms) = preSolution
		Debug|x64 = Debug|x64
		Debug|x86 = Debug|x86
		Release|x64 = Release|x64
		Release|x86 = Release|x86
	EndGlobalSection
	GlobalSection(ProjectConfigurationPlatforms) = postSolution
		{BC17D100-BF4B-4568-8F9A-18138EED9A94}.Debug|x64.ActiveCfg = Debug|x64
		{BC17D100-BF4B-4568-8F9A-18138EED9A94}.Debug|x64.Build.0 = Debug|x64
		{BC17D100-BF4B-4568-8F9A-18138EED9A94}.Debug|x86.ActiveCfg = Debug|Win32
		{BC17D100-BF4B-4568-8F9A-18138EED9A94}.Debug|x86.Build.0 = Debug|Win32
		{BC17D100-BF4B-4568-8F9A-18138EED9A94}.Release|x64.ActiveCfg = Release|x64
		{BC17D100-BF4B-4568-8F9A-18138EED9A94}.Release|x64.Build.0 = Release|x64
		{BC17D100-BF4B-4568-8F9A-18138EED9A94}.Release|x86.ActiveCfg = Release|Win32
		{BC17D100-BF4B-4568-8F9A-18138EED9A94}.Release|x86.Build.0 = Release|Win32
		{57C64CCC-94C5-4AFE-877D-596977A22E74}.Debug|x64.ActiveCfg = Debug|x64
		{57C64CCC-94C5-4AFE-877D-596977A22E74}.Debug|x64.Build.0 = Debug|x64
		{57C64CCC-94C5-4AFE-877D-596977A22E74}.Debug|x86.ActiveCfg = Debug|Win32
		{57C64CCC-94C5-4AFE-877D-596977A22E74}.Debug|x86.Build.0 = Debug|Win32
		{57C64CCC-94C5-4AFE-877D-596977A22E74}.Release|x64.ActiveCfg = Release|x64
		{57C64CCC-94C5-4AFE-877D-596977A22E74}.Release|x64.Build.0 = Release|x64
		{57C64CCC-94C5-4AFE-877D-596977A22E74}.Release|x86.ActiveCfg = Release|Win32
		{57C64CCC-94C5-4AFE-877D-596977A22E74}.Release|x86.Build.0 = Release|Win32
		{2CD93D96-FEE5-4E1B-9304-8CED7C2A4D45}.Debug|x64.ActiveCfg = Debug|x64
		{2CD93D96-FEE5-4E1B-9304-8CED7C2A4D45}.Debug|x64.Build.0 = Debug|x64
		{2CD93D96-FEE5-4E1B-9304-8CED7C2A4D45}.Debug|x86.ActiveCfg = Debug|Win32
		{2CD93D96-FEE5-4E1B-9304-8CED7C2A4D45}.Debug|x86.Build.0 = Debug|Win32
		{2CD93D96-FEE5-4E1B-9304-8CED7C2A4D45}.Release|x64.ActiveCfg = Release|x64
		{2CD93D96-FEE5-4E1B-9304-8CED7C2A4D45}.Release|x64.Build.0 = Release|x64
		{2CD93D96-FEE5-4E1B-9304-8CED7C2A4D45}.Release|x86.ActiveCfg = Release|Win32
		{2CD93D96-FEE5-4E1B-9304-8CED7C2A4D45}.Release|x86.Build.0 = Release|Win32
		{66E6DC89-84DA-4A73-A686-EAEB60167FB8}.Debug|x64.ActiveCfg = Debug|x64
		{66E6DC89-84DA-4A73-A686-EAEB60167FB8}.Debug|x64.Build.0 = Debug|x64
		{66E6DC89-84DA-4A73-A686-EAEB60167FB8}.Debug|x86.ActiveCfg = Debug|Win32
		{66E6DC89-84DA-4A73-A686-EAEB60167FB8}.Debug|x86.Build.0 = Debug|Win32
		{66E6DC89-84DA-4A73-A686-EAEB60167FB8}.Release|x64.ActiveCfg = Release|x64
		{66E6DC89-84DA-4A73-A686-EAEB60167FB8}.Release|x64.Build.0 = Release|x64
		{66E6DC89-84DA-4A73-A686-EAEB60167FB8}.Release|x86.ActiveCfg = Release|Win32
		{66E6DC89-84DA-4A73-A686-EAEB60167FB8}.Release|x86.Build.0 = Release|Win32
		{32AC0BAC-76CF-4E24-9D4F-9D9C3F77A8A9}.Debug|x64.ActiveCfg = Debug|x64
		{32AC0BAC-76CF-4E24-9D4F-9D9C3F77A8A9}.Debug|x64.Build.0 = Debug|x64
		{32AC0BAC-76CF-4E24-9D4F-9D9C3F77A8A9}.Debug|x86.ActiveCfg = Debug|Win32
		{32AC0BAC-76CF-4E24-9D4F-9D9C3F77A8A9}.Debug|x86.Build.0 = Debug|Win32
		{32AC0BAC-76CF-4E24-9D4F-9D9C3F77A8A9}.Release|x64.ActiveCfg = Release|x64
		{32AC0BAC-76CF-4E24-9D4F-9D9C3F77A8A9}.Release|x64.Build.0 = Release|x64
		{32AC0BAC-76CF-4E24-9D4F-9D9C3F77A8A9}.Release|x86.ActiveCfg = Release|Win32
		{32AC0BAC-76CF-4E24-9D4F-9D9C3F77A8A9}.Release|x86.Build.0 = Release|Win32
		{A2C1356A-D5A8-4CEB-B63F-251C20161FF3}.Debug|x64.ActiveCfg = Debug|x64
		{A2C1356A-D5A8-4CEB-B63F-251C20161FF3}.Debug|x64.Build.0 = Debug|x64
		{A2C1356A-D5A8-4CEB-B63F-251C20161FF3}.Debug|x86.ActiveCfg = Debug|Win32
		{A2C1356A-D5A8-4CEB-B63F-251C20161FF3}.Debug|x86.Build.0 = Debug|Win32
		{A2C1356A-D5A8-4CEB-B63F-251C20161FF3}.Release|x64.ActiveCfg = Release|x64
		{A2C1356A-D5A8-4CEB-B63F-251C20161FF3}.Release|x64.Build.0 = Release|x64
		{A2C1356A-D5A8-4CEB-B63F-251C20161FF3}.Release|x86.ActiveCfg = Release|Win32
		{A2C1356A-D5A8-4CEB-B63F-251C20161FF3}.Release|x86.Build.0 = Release|Win32
		{54BE5CD4-0882-4A96-BEAE-58697E32041E}.Debug|x64.ActiveCfg = Debug|x64
		{54BE5CD4-0882-4A96-BEAE-58697E32041E}.Debug|x64.Build.0 = Debug|x64
		{54BE5CD4-0882-4A96-BEAE-58697E32041E}.Debug|x86.ActiveCfg = Debug|Win32
		{54BE5CD4-0882-4A96-BEAE-58697E32041E}.Debug|x86.Build.0 = Debug|Win32
		{54BE5CD4-0882-4A96-BEAE-58697E32041E}.Release|x64.ActiveCfg = Release|x64
		{54BE5CD4-0882-4A96-BEAE-58697E32041E}.Release|x64.Build.0 = Release|x64
		{54BE5CD4-0882-4A96-BEAE-58697E32041E}.Release|x86.ActiveCfg = Release|Win32
		{54BE5CD4-0882-4A96-BEAE-58697E32041E}.Release|x86.Build.0 = Release|Win32
		{7E4E2CC1-FE31-4C2A-9FCF-4FE5E725A082}.Debug|x64.ActiveCfg = Debug|x64
		{7E4E2CC1-FE31-4C2A-9FCF-4FE5E725A082}.Debug|x64.Build.0 = Debug|x64
		{7E4E2CC1-FE31-4C2A-9FCF-4FE5E725A082}.Debug|x86.ActiveCfg = Debug|Win32
		{7E4E2CC1-FE31-4C2A-9FCF-4FE5E725A082}.Debug|x86.Build.0 = Debug|Win32
		{7E4E2CC1-FE31-4C2A-9FCF-4FE5E725A082}.Release|x64.ActiveCfg = Release|x64
		{7E4E2CC1-FE31-4C2A-9FCF-4FE5E725A082}.Release|x64.Build.0 = Release|x64
		{7E4E2CC1-FE31-4C2A-9FCF-4FE5E725A082}.Release|x86.ActiveCfg = Release|Win32
		{7E4E2CC1-FE31-4C2A-9FCF-4FE5E725A082}.Release|x86.Build.0 = Release|Win32
	EndGlobalSection
	GlobalSection(SolutionProperties) = preSolution
		HideSolutionNode = FALSE
	EndGlobalSection
	GlobalSection(ExtensibilityGlobals) = postSolution
		SolutionGuid = {3C29A583-0550-4E78-932E-A8A42A9D9B4C}
	EndGlobalSection
EndGlobal
